// !$*UTF8*$!
{
	archiveVersion = 1;
	classes = {
	};
	objectVersion = 51;
	objects = {

/* Begin PBXBuildFile section */
		54C6DDED5D2D4A9E3B4B0DBA /* Pods_CellModels.framework in Frameworks */ = {isa = PBXBuildFile; fileRef = C5A392DAB4D63246A9A88DEB /* Pods_CellModels.framework */; };
		63B36F8E27666F0800005F92 /* AppDelegate.swift in Sources */ = {isa = PBXBuildFile; fileRef = 63B36F8D27666F0800005F92 /* AppDelegate.swift */; };
		63B36F9727666F0B00005F92 /* Assets.xcassets in Resources */ = {isa = PBXBuildFile; fileRef = 63B36F9627666F0B00005F92 /* Assets.xcassets */; };
		63B36F9A27666F0B00005F92 /* LaunchScreen.storyboard in Resources */ = {isa = PBXBuildFile; fileRef = 63B36F9827666F0B00005F92 /* LaunchScreen.storyboard */; };
		63B36FA32766733900005F92 /* CellModelProtocols.swift in Sources */ = {isa = PBXBuildFile; fileRef = 63B36FA22766733900005F92 /* CellModelProtocols.swift */; };
		63B36FA52766736100005F92 /* CellIdentifier.swift in Sources */ = {isa = PBXBuildFile; fileRef = 63B36FA42766736100005F92 /* CellIdentifier.swift */; };
		63B36FA72766738800005F92 /* CellBuilder.swift in Sources */ = {isa = PBXBuildFile; fileRef = 63B36FA62766738800005F92 /* CellBuilder.swift */; };
		63B36FAB276673D500005F92 /* ElementCell.swift in Sources */ = {isa = PBXBuildFile; fileRef = 63B36FA9276673D500005F92 /* ElementCell.swift */; };
		63B36FAC276673D500005F92 /* ElementCell.xib in Resources */ = {isa = PBXBuildFile; fileRef = 63B36FAA276673D500005F92 /* ElementCell.xib */; };
		63B36FB02766790300005F92 /* MainViewController.swift in Sources */ = {isa = PBXBuildFile; fileRef = 63B36FAE2766790300005F92 /* MainViewController.swift */; };
		63B36FB12766790300005F92 /* MainViewController.xib in Resources */ = {isa = PBXBuildFile; fileRef = 63B36FAF2766790300005F92 /* MainViewController.xib */; };
		63B36FB32766791000005F92 /* MainViewModel.swift in Sources */ = {isa = PBXBuildFile; fileRef = 63B36FB22766791000005F92 /* MainViewModel.swift */; };
		63B36FB727667A2600005F92 /* SceneBuilder.swift in Sources */ = {isa = PBXBuildFile; fileRef = 63B36FB627667A2600005F92 /* SceneBuilder.swift */; };
		63B36FBA27667B8300005F92 /* UIViewController+Extensions.swift in Sources */ = {isa = PBXBuildFile; fileRef = 63B36FB927667B8300005F92 /* UIViewController+Extensions.swift */; };
		63B36FBC27667DE300005F92 /* UITableView+Extensions.swift in Sources */ = {isa = PBXBuildFile; fileRef = 63B36FBB27667DE300005F92 /* UITableView+Extensions.swift */; };
		63B36FBF2766837500005F92 /* SegmentedMenuCell.swift in Sources */ = {isa = PBXBuildFile; fileRef = 63B36FBD2766837500005F92 /* SegmentedMenuCell.swift */; };
		63B36FC02766837500005F92 /* SegmentedMenuCell.xib in Resources */ = {isa = PBXBuildFile; fileRef = 63B36FBE2766837500005F92 /* SegmentedMenuCell.xib */; };
		63B36FC327668BE500005F92 /* DataSourceBuilder.swift in Sources */ = {isa = PBXBuildFile; fileRef = 63B36FC227668BE500005F92 /* DataSourceBuilder.swift */; };
		63B36FC52766AA6F00005F92 /* ViewModelProtocol.swift in Sources */ = {isa = PBXBuildFile; fileRef = 63B36FC42766AA6F00005F92 /* ViewModelProtocol.swift */; };
		63B36FC72766CB0100005F92 /* UISegmentedControl+Extensions.swift in Sources */ = {isa = PBXBuildFile; fileRef = 63B36FC62766CB0000005F92 /* UISegmentedControl+Extensions.swift */; };
		63B36FCA2766D43C00005F92 /* BannerCell.swift in Sources */ = {isa = PBXBuildFile; fileRef = 63B36FC82766D43C00005F92 /* BannerCell.swift */; };
		63B36FCB2766D43C00005F92 /* BannerCell.xib in Resources */ = {isa = PBXBuildFile; fileRef = 63B36FC92766D43C00005F92 /* BannerCell.xib */; };
		63B36FCD2766D6C000005F92 /* UIImage+Extensions.swift in Sources */ = {isa = PBXBuildFile; fileRef = 63B36FCC2766D6C000005F92 /* UIImage+Extensions.swift */; };
		63B36FCF2766D7AF00005F92 /* UITableViewCell+Extensions.swift in Sources */ = {isa = PBXBuildFile; fileRef = 63B36FCE2766D7AF00005F92 /* UITableViewCell+Extensions.swift */; };
		63B36FD12766E1E200005F92 /* CollectionCellModelProtocols.swift in Sources */ = {isa = PBXBuildFile; fileRef = 63B36FD02766E1E200005F92 /* CollectionCellModelProtocols.swift */; };
		63B36FD32766E1F500005F92 /* CollectionCellIdentifier.swift in Sources */ = {isa = PBXBuildFile; fileRef = 63B36FD22766E1F500005F92 /* CollectionCellIdentifier.swift */; };
		63B36FD52766E21B00005F92 /* CollectionCellBuilder.swift in Sources */ = {isa = PBXBuildFile; fileRef = 63B36FD42766E21B00005F92 /* CollectionCellBuilder.swift */; };
		63B36FD82766E28500005F92 /* ElementCollectionCell.swift in Sources */ = {isa = PBXBuildFile; fileRef = 63B36FD62766E28500005F92 /* ElementCollectionCell.swift */; };
		63B36FD92766E28500005F92 /* ElementCollectionCell.xib in Resources */ = {isa = PBXBuildFile; fileRef = 63B36FD72766E28500005F92 /* ElementCollectionCell.xib */; };
		63B36FDB2766E3EB00005F92 /* UIView+Extensions.swift in Sources */ = {isa = PBXBuildFile; fileRef = 63B36FDA2766E3EB00005F92 /* UIView+Extensions.swift */; };
		63B36FDE2766E4C600005F92 /* ElementsHorizontalContainerCell.swift in Sources */ = {isa = PBXBuildFile; fileRef = 63B36FDC2766E4C600005F92 /* ElementsHorizontalContainerCell.swift */; };
		63B36FDF2766E4C600005F92 /* ElementsHorizontalContainerCell.xib in Resources */ = {isa = PBXBuildFile; fileRef = 63B36FDD2766E4C600005F92 /* ElementsHorizontalContainerCell.xib */; };
		63B36FE12766E66E00005F92 /* DataSourceBuildable.swift in Sources */ = {isa = PBXBuildFile; fileRef = 63B36FE02766E66E00005F92 /* DataSourceBuildable.swift */; };
		63B36FE32766E6E100005F92 /* CollectionDataSourceBuilder.swift in Sources */ = {isa = PBXBuildFile; fileRef = 63B36FE22766E6E100005F92 /* CollectionDataSourceBuilder.swift */; };
		63B36FE52766ED0900005F92 /* UICollectionView+Extensions.swift in Sources */ = {isa = PBXBuildFile; fileRef = 63B36FE42766ED0900005F92 /* UICollectionView+Extensions.swift */; };
		63B36FE82766F3B500005F92 /* Element.swift in Sources */ = {isa = PBXBuildFile; fileRef = 63B36FE72766F3B500005F92 /* Element.swift */; };
/* End PBXBuildFile section */

/* Begin PBXFileReference section */
		07F6A8DE91687E56C89D08BB /* Pods-CellModels.release.xcconfig */ = {isa = PBXFileReference; includeInIndex = 1; lastKnownFileType = text.xcconfig; name = "Pods-CellModels.release.xcconfig"; path = "Target Support Files/Pods-CellModels/Pods-CellModels.release.xcconfig"; sourceTree = "<group>"; };
		5901699E8C4FB0CAD439DB3E /* Pods-CellModels.debug.xcconfig */ = {isa = PBXFileReference; includeInIndex = 1; lastKnownFileType = text.xcconfig; name = "Pods-CellModels.debug.xcconfig"; path = "Target Support Files/Pods-CellModels/Pods-CellModels.debug.xcconfig"; sourceTree = "<group>"; };
		63B36F8A27666F0800005F92 /* CellModels.app */ = {isa = PBXFileReference; explicitFileType = wrapper.application; includeInIndex = 0; path = CellModels.app; sourceTree = BUILT_PRODUCTS_DIR; };
		63B36F8D27666F0800005F92 /* AppDelegate.swift */ = {isa = PBXFileReference; lastKnownFileType = sourcecode.swift; path = AppDelegate.swift; sourceTree = "<group>"; };
		63B36F9627666F0B00005F92 /* Assets.xcassets */ = {isa = PBXFileReference; lastKnownFileType = folder.assetcatalog; path = Assets.xcassets; sourceTree = "<group>"; };
		63B36F9927666F0B00005F92 /* Base */ = {isa = PBXFileReference; lastKnownFileType = file.storyboard; name = Base; path = Base.lproj/LaunchScreen.storyboard; sourceTree = "<group>"; };
		63B36F9B27666F0B00005F92 /* Info.plist */ = {isa = PBXFileReference; lastKnownFileType = text.plist.xml; path = Info.plist; sourceTree = "<group>"; };
		63B36FA22766733900005F92 /* CellModelProtocols.swift */ = {isa = PBXFileReference; lastKnownFileType = sourcecode.swift; path = CellModelProtocols.swift; sourceTree = "<group>"; };
		63B36FA42766736100005F92 /* CellIdentifier.swift */ = {isa = PBXFileReference; lastKnownFileType = sourcecode.swift; path = CellIdentifier.swift; sourceTree = "<group>"; };
		63B36FA62766738800005F92 /* CellBuilder.swift */ = {isa = PBXFileReference; lastKnownFileType = sourcecode.swift; path = CellBuilder.swift; sourceTree = "<group>"; };
		63B36FA9276673D500005F92 /* ElementCell.swift */ = {isa = PBXFileReference; lastKnownFileType = sourcecode.swift; path = ElementCell.swift; sourceTree = "<group>"; };
		63B36FAA276673D500005F92 /* ElementCell.xib */ = {isa = PBXFileReference; lastKnownFileType = file.xib; path = ElementCell.xib; sourceTree = "<group>"; };
		63B36FAE2766790300005F92 /* MainViewController.swift */ = {isa = PBXFileReference; lastKnownFileType = sourcecode.swift; path = MainViewController.swift; sourceTree = "<group>"; };
		63B36FAF2766790300005F92 /* MainViewController.xib */ = {isa = PBXFileReference; lastKnownFileType = file.xib; path = MainViewController.xib; sourceTree = "<group>"; };
		63B36FB22766791000005F92 /* MainViewModel.swift */ = {isa = PBXFileReference; lastKnownFileType = sourcecode.swift; path = MainViewModel.swift; sourceTree = "<group>"; };
		63B36FB627667A2600005F92 /* SceneBuilder.swift */ = {isa = PBXFileReference; lastKnownFileType = sourcecode.swift; path = SceneBuilder.swift; sourceTree = "<group>"; };
		63B36FB927667B8300005F92 /* UIViewController+Extensions.swift */ = {isa = PBXFileReference; lastKnownFileType = sourcecode.swift; path = "UIViewController+Extensions.swift"; sourceTree = "<group>"; };
		63B36FBB27667DE300005F92 /* UITableView+Extensions.swift */ = {isa = PBXFileReference; lastKnownFileType = sourcecode.swift; path = "UITableView+Extensions.swift"; sourceTree = "<group>"; };
		63B36FBD2766837500005F92 /* SegmentedMenuCell.swift */ = {isa = PBXFileReference; lastKnownFileType = sourcecode.swift; path = SegmentedMenuCell.swift; sourceTree = "<group>"; };
		63B36FBE2766837500005F92 /* SegmentedMenuCell.xib */ = {isa = PBXFileReference; lastKnownFileType = file.xib; path = SegmentedMenuCell.xib; sourceTree = "<group>"; };
		63B36FC227668BE500005F92 /* DataSourceBuilder.swift */ = {isa = PBXFileReference; lastKnownFileType = sourcecode.swift; path = DataSourceBuilder.swift; sourceTree = "<group>"; };
		63B36FC42766AA6F00005F92 /* ViewModelProtocol.swift */ = {isa = PBXFileReference; lastKnownFileType = sourcecode.swift; path = ViewModelProtocol.swift; sourceTree = "<group>"; };
		63B36FC62766CB0000005F92 /* UISegmentedControl+Extensions.swift */ = {isa = PBXFileReference; lastKnownFileType = sourcecode.swift; path = "UISegmentedControl+Extensions.swift"; sourceTree = "<group>"; };
		63B36FC82766D43C00005F92 /* BannerCell.swift */ = {isa = PBXFileReference; lastKnownFileType = sourcecode.swift; path = BannerCell.swift; sourceTree = "<group>"; };
		63B36FC92766D43C00005F92 /* BannerCell.xib */ = {isa = PBXFileReference; lastKnownFileType = file.xib; path = BannerCell.xib; sourceTree = "<group>"; };
		63B36FCC2766D6C000005F92 /* UIImage+Extensions.swift */ = {isa = PBXFileReference; lastKnownFileType = sourcecode.swift; path = "UIImage+Extensions.swift"; sourceTree = "<group>"; };
		63B36FCE2766D7AF00005F92 /* UITableViewCell+Extensions.swift */ = {isa = PBXFileReference; lastKnownFileType = sourcecode.swift; path = "UITableViewCell+Extensions.swift"; sourceTree = "<group>"; };
		63B36FD02766E1E200005F92 /* CollectionCellModelProtocols.swift */ = {isa = PBXFileReference; lastKnownFileType = sourcecode.swift; path = CollectionCellModelProtocols.swift; sourceTree = "<group>"; };
		63B36FD22766E1F500005F92 /* CollectionCellIdentifier.swift */ = {isa = PBXFileReference; lastKnownFileType = sourcecode.swift; path = CollectionCellIdentifier.swift; sourceTree = "<group>"; };
		63B36FD42766E21B00005F92 /* CollectionCellBuilder.swift */ = {isa = PBXFileReference; lastKnownFileType = sourcecode.swift; path = CollectionCellBuilder.swift; sourceTree = "<group>"; };
		63B36FD62766E28500005F92 /* ElementCollectionCell.swift */ = {isa = PBXFileReference; lastKnownFileType = sourcecode.swift; path = ElementCollectionCell.swift; sourceTree = "<group>"; };
		63B36FD72766E28500005F92 /* ElementCollectionCell.xib */ = {isa = PBXFileReference; lastKnownFileType = file.xib; path = ElementCollectionCell.xib; sourceTree = "<group>"; };
		63B36FDA2766E3EB00005F92 /* UIView+Extensions.swift */ = {isa = PBXFileReference; lastKnownFileType = sourcecode.swift; path = "UIView+Extensions.swift"; sourceTree = "<group>"; };
		63B36FDC2766E4C600005F92 /* ElementsHorizontalContainerCell.swift */ = {isa = PBXFileReference; lastKnownFileType = sourcecode.swift; path = ElementsHorizontalContainerCell.swift; sourceTree = "<group>"; };
		63B36FDD2766E4C600005F92 /* ElementsHorizontalContainerCell.xib */ = {isa = PBXFileReference; lastKnownFileType = file.xib; path = ElementsHorizontalContainerCell.xib; sourceTree = "<group>"; };
		63B36FE02766E66E00005F92 /* DataSourceBuildable.swift */ = {isa = PBXFileReference; lastKnownFileType = sourcecode.swift; path = DataSourceBuildable.swift; sourceTree = "<group>"; };
		63B36FE22766E6E100005F92 /* CollectionDataSourceBuilder.swift */ = {isa = PBXFileReference; lastKnownFileType = sourcecode.swift; path = CollectionDataSourceBuilder.swift; sourceTree = "<group>"; };
		63B36FE42766ED0900005F92 /* UICollectionView+Extensions.swift */ = {isa = PBXFileReference; lastKnownFileType = sourcecode.swift; path = "UICollectionView+Extensions.swift"; sourceTree = "<group>"; };
		63B36FE72766F3B500005F92 /* Element.swift */ = {isa = PBXFileReference; lastKnownFileType = sourcecode.swift; path = Element.swift; sourceTree = "<group>"; };
		C5A392DAB4D63246A9A88DEB /* Pods_CellModels.framework */ = {isa = PBXFileReference; explicitFileType = wrapper.framework; includeInIndex = 0; path = Pods_CellModels.framework; sourceTree = BUILT_PRODUCTS_DIR; };
/* End PBXFileReference section */

/* Begin PBXFrameworksBuildPhase section */
		63B36F8727666F0800005F92 /* Frameworks */ = {
			isa = PBXFrameworksBuildPhase;
			buildActionMask = 2147483647;
			files = (
				54C6DDED5D2D4A9E3B4B0DBA /* Pods_CellModels.framework in Frameworks */,
			);
			runOnlyForDeploymentPostprocessing = 0;
		};
/* End PBXFrameworksBuildPhase section */

/* Begin PBXGroup section */
		40644A0A1BBE7891EDFE35BD /* Pods */ = {
			isa = PBXGroup;
			children = (
				5901699E8C4FB0CAD439DB3E /* Pods-CellModels.debug.xcconfig */,
				07F6A8DE91687E56C89D08BB /* Pods-CellModels.release.xcconfig */,
			);
			path = Pods;
			sourceTree = "<group>";
		};
		63B36F8127666F0800005F92 = {
			isa = PBXGroup;
			children = (
				63B36F8C27666F0800005F92 /* CellModels */,
				63B36F8B27666F0800005F92 /* Products */,
				40644A0A1BBE7891EDFE35BD /* Pods */,
				BA3D5CE203CF1D114D2DFA36 /* Frameworks */,
			);
			sourceTree = "<group>";
		};
		63B36F8B27666F0800005F92 /* Products */ = {
			isa = PBXGroup;
			children = (
				63B36F8A27666F0800005F92 /* CellModels.app */,
			);
			name = Products;
			sourceTree = "<group>";
		};
		63B36F8C27666F0800005F92 /* CellModels */ = {
			isa = PBXGroup;
			children = (
				63B36FAD276678EE00005F92 /* Scenes */,
				63B36FA8276673C000005F92 /* Cells */,
				63B36FA12766731F00005F92 /* CellModelCore */,
				63B36FB827667B5C00005F92 /* Extensions */,
				63B36FC127668BA000005F92 /* ResultBuilders */,
				63B36FE62766F3A700005F92 /* Models */,
				63B36F8D27666F0800005F92 /* AppDelegate.swift */,
				63B36F9627666F0B00005F92 /* Assets.xcassets */,
				63B36F9827666F0B00005F92 /* LaunchScreen.storyboard */,
				63B36F9B27666F0B00005F92 /* Info.plist */,
			);
			path = CellModels;
			sourceTree = "<group>";
		};
		63B36FA12766731F00005F92 /* CellModelCore */ = {
			isa = PBXGroup;
			children = (
				63B36FA22766733900005F92 /* CellModelProtocols.swift */,
				63B36FA42766736100005F92 /* CellIdentifier.swift */,
				63B36FA62766738800005F92 /* CellBuilder.swift */,
				63B36FD02766E1E200005F92 /* CollectionCellModelProtocols.swift */,
				63B36FD22766E1F500005F92 /* CollectionCellIdentifier.swift */,
				63B36FD42766E21B00005F92 /* CollectionCellBuilder.swift */,
			);
			path = CellModelCore;
			sourceTree = "<group>";
		};
		63B36FA8276673C000005F92 /* Cells */ = {
			isa = PBXGroup;
			children = (
				63B36FC82766D43C00005F92 /* BannerCell.swift */,
				63B36FC92766D43C00005F92 /* BannerCell.xib */,
				63B36FD62766E28500005F92 /* ElementCollectionCell.swift */,
				63B36FD72766E28500005F92 /* ElementCollectionCell.xib */,
				63B36FDC2766E4C600005F92 /* ElementsHorizontalContainerCell.swift */,
				63B36FDD2766E4C600005F92 /* ElementsHorizontalContainerCell.xib */,
				63B36FBD2766837500005F92 /* SegmentedMenuCell.swift */,
				63B36FBE2766837500005F92 /* SegmentedMenuCell.xib */,
				63B36FA9276673D500005F92 /* ElementCell.swift */,
				63B36FAA276673D500005F92 /* ElementCell.xib */,
			);
			path = Cells;
			sourceTree = "<group>";
		};
		63B36FAD276678EE00005F92 /* Scenes */ = {
			isa = PBXGroup;
			children = (
				63B36FB527667A1E00005F92 /* Common */,
				63B36FB42766792C00005F92 /* Main */,
			);
			path = Scenes;
			sourceTree = "<group>";
		};
		63B36FB42766792C00005F92 /* Main */ = {
			isa = PBXGroup;
			children = (
				63B36FAE2766790300005F92 /* MainViewController.swift */,
				63B36FB22766791000005F92 /* MainViewModel.swift */,
				63B36FAF2766790300005F92 /* MainViewController.xib */,
			);
			path = Main;
			sourceTree = "<group>";
		};
		63B36FB527667A1E00005F92 /* Common */ = {
			isa = PBXGroup;
			children = (
				63B36FB627667A2600005F92 /* SceneBuilder.swift */,
				63B36FC42766AA6F00005F92 /* ViewModelProtocol.swift */,
				63B36FE02766E66E00005F92 /* DataSourceBuildable.swift */,
			);
			path = Common;
			sourceTree = "<group>";
		};
		63B36FB827667B5C00005F92 /* Extensions */ = {
			isa = PBXGroup;
			children = (
				63B36FCC2766D6C000005F92 /* UIImage+Extensions.swift */,
				63B36FC62766CB0000005F92 /* UISegmentedControl+Extensions.swift */,
				63B36FBB27667DE300005F92 /* UITableView+Extensions.swift */,
				63B36FE42766ED0900005F92 /* UICollectionView+Extensions.swift */,
				63B36FCE2766D7AF00005F92 /* UITableViewCell+Extensions.swift */,
				63B36FDA2766E3EB00005F92 /* UIView+Extensions.swift */,
				63B36FB927667B8300005F92 /* UIViewController+Extensions.swift */,
			);
			path = Extensions;
			sourceTree = "<group>";
		};
		63B36FC127668BA000005F92 /* ResultBuilders */ = {
			isa = PBXGroup;
			children = (
				63B36FC227668BE500005F92 /* DataSourceBuilder.swift */,
				63B36FE22766E6E100005F92 /* CollectionDataSourceBuilder.swift */,
			);
			path = ResultBuilders;
			sourceTree = "<group>";
		};
		63B36FE62766F3A700005F92 /* Models */ = {
			isa = PBXGroup;
			children = (
				63B36FE72766F3B500005F92 /* Element.swift */,
			);
			path = Models;
			sourceTree = "<group>";
		};
		BA3D5CE203CF1D114D2DFA36 /* Frameworks */ = {
			isa = PBXGroup;
			children = (
				C5A392DAB4D63246A9A88DEB /* Pods_CellModels.framework */,
			);
			name = Frameworks;
			sourceTree = "<group>";
		};
/* End PBXGroup section */

/* Begin PBXNativeTarget section */
		63B36F8927666F0800005F92 /* CellModels */ = {
			isa = PBXNativeTarget;
			buildConfigurationList = 63B36F9E27666F0B00005F92 /* Build configuration list for PBXNativeTarget "CellModels" */;
			buildPhases = (
				6AEAC3285587CEBE93B0CF31 /* [CP] Check Pods Manifest.lock */,
				63B36F8627666F0800005F92 /* Sources */,
				63B36F8727666F0800005F92 /* Frameworks */,
				63B36F8827666F0800005F92 /* Resources */,
				AB809774BBCCEF6A731D26A3 /* [CP] Embed Pods Frameworks */,
			);
			buildRules = (
			);
			dependencies = (
			);
			name = CellModels;
			productName = CellModels;
			productReference = 63B36F8A27666F0800005F92 /* CellModels.app */;
			productType = "com.apple.product-type.application";
		};
/* End PBXNativeTarget section */

/* Begin PBXProject section */
		63B36F8227666F0800005F92 /* Project object */ = {
			isa = PBXProject;
			attributes = {
				LastSwiftUpdateCheck = 1250;
				LastUpgradeCheck = 1250;
				TargetAttributes = {
					63B36F8927666F0800005F92 = {
						CreatedOnToolsVersion = 12.5;
					};
				};
			};
			buildConfigurationList = 63B36F8527666F0800005F92 /* Build configuration list for PBXProject "CellModels" */;
			compatibilityVersion = "Xcode 9.3";
			developmentRegion = en;
			hasScannedForEncodings = 0;
			knownRegions = (
				en,
				Base,
			);
			mainGroup = 63B36F8127666F0800005F92;
			productRefGroup = 63B36F8B27666F0800005F92 /* Products */;
			projectDirPath = "";
			projectRoot = "";
			targets = (
				63B36F8927666F0800005F92 /* CellModels */,
			);
		};
/* End PBXProject section */

/* Begin PBXResourcesBuildPhase section */
		63B36F8827666F0800005F92 /* Resources */ = {
			isa = PBXResourcesBuildPhase;
			buildActionMask = 2147483647;
			files = (
				63B36FAC276673D500005F92 /* ElementCell.xib in Resources */,
				63B36FCB2766D43C00005F92 /* BannerCell.xib in Resources */,
				63B36FC02766837500005F92 /* SegmentedMenuCell.xib in Resources */,
				63B36F9A27666F0B00005F92 /* LaunchScreen.storyboard in Resources */,
				63B36FB12766790300005F92 /* MainViewController.xib in Resources */,
				63B36F9727666F0B00005F92 /* Assets.xcassets in Resources */,
				63B36FDF2766E4C600005F92 /* ElementsHorizontalContainerCell.xib in Resources */,
				63B36FD92766E28500005F92 /* ElementCollectionCell.xib in Resources */,
			);
			runOnlyForDeploymentPostprocessing = 0;
		};
/* End PBXResourcesBuildPhase section */

/* Begin PBXShellScriptBuildPhase section */
		6AEAC3285587CEBE93B0CF31 /* [CP] Check Pods Manifest.lock */ = {
			isa = PBXShellScriptBuildPhase;
			buildActionMask = 2147483647;
			files = (
			);
			inputFileListPaths = (
			);
			inputPaths = (
				"${PODS_PODFILE_DIR_PATH}/Podfile.lock",
				"${PODS_ROOT}/Manifest.lock",
			);
			name = "[CP] Check Pods Manifest.lock";
			outputFileListPaths = (
			);
			outputPaths = (
				"$(DERIVED_FILE_DIR)/Pods-CellModels-checkManifestLockResult.txt",
			);
			runOnlyForDeploymentPostprocessing = 0;
			shellPath = /bin/sh;
			shellScript = "diff \"${PODS_PODFILE_DIR_PATH}/Podfile.lock\" \"${PODS_ROOT}/Manifest.lock\" > /dev/null\nif [ $? != 0 ] ; then\n    # print error to STDERR\n    echo \"error: The sandbox is not in sync with the Podfile.lock. Run 'pod install' or update your CocoaPods installation.\" >&2\n    exit 1\nfi\n# This output is used by Xcode 'outputs' to avoid re-running this script phase.\necho \"SUCCESS\" > \"${SCRIPT_OUTPUT_FILE_0}\"\n";
			showEnvVarsInLog = 0;
		};
		AB809774BBCCEF6A731D26A3 /* [CP] Embed Pods Frameworks */ = {
			isa = PBXShellScriptBuildPhase;
			buildActionMask = 2147483647;
			files = (
			);
			inputFileListPaths = (
				"${PODS_ROOT}/Target Support Files/Pods-CellModels/Pods-CellModels-frameworks-${CONFIGURATION}-input-files.xcfilelist",
			);
			name = "[CP] Embed Pods Frameworks";
			outputFileListPaths = (
				"${PODS_ROOT}/Target Support Files/Pods-CellModels/Pods-CellModels-frameworks-${CONFIGURATION}-output-files.xcfilelist",
			);
			runOnlyForDeploymentPostprocessing = 0;
			shellPath = /bin/sh;
			shellScript = "\"${PODS_ROOT}/Target Support Files/Pods-CellModels/Pods-CellModels-frameworks.sh\"\n";
			showEnvVarsInLog = 0;
		};
/* End PBXShellScriptBuildPhase section */

/* Begin PBXSourcesBuildPhase section */
		63B36F8627666F0800005F92 /* Sources */ = {
			isa = PBXSourcesBuildPhase;
			buildActionMask = 2147483647;
			files = (
				63B36FC327668BE500005F92 /* DataSourceBuilder.swift in Sources */,
				63B36FB02766790300005F92 /* MainViewController.swift in Sources */,
				63B36FAB276673D500005F92 /* ElementCell.swift in Sources */,
				63B36FE12766E66E00005F92 /* DataSourceBuildable.swift in Sources */,
				63B36FBA27667B8300005F92 /* UIViewController+Extensions.swift in Sources */,
				63B36FC52766AA6F00005F92 /* ViewModelProtocol.swift in Sources */,
				63B36FA72766738800005F92 /* CellBuilder.swift in Sources */,
				63B36F8E27666F0800005F92 /* AppDelegate.swift in Sources */,
				63B36FD32766E1F500005F92 /* CollectionCellIdentifier.swift in Sources */,
				63B36FBC27667DE300005F92 /* UITableView+Extensions.swift in Sources */,
				63B36FE52766ED0900005F92 /* UICollectionView+Extensions.swift in Sources */,
				63B36FB727667A2600005F92 /* SceneBuilder.swift in Sources */,
				63B36FDE2766E4C600005F92 /* ElementsHorizontalContainerCell.swift in Sources */,
				63B36FDB2766E3EB00005F92 /* UIView+Extensions.swift in Sources */,
				63B36FA52766736100005F92 /* CellIdentifier.swift in Sources */,
				63B36FD82766E28500005F92 /* ElementCollectionCell.swift in Sources */,
				63B36FC72766CB0100005F92 /* UISegmentedControl+Extensions.swift in Sources */,
				63B36FD12766E1E200005F92 /* CollectionCellModelProtocols.swift in Sources */,
				63B36FD52766E21B00005F92 /* CollectionCellBuilder.swift in Sources */,
				63B36FCA2766D43C00005F92 /* BannerCell.swift in Sources */,
				63B36FE82766F3B500005F92 /* Element.swift in Sources */,
				63B36FE32766E6E100005F92 /* CollectionDataSourceBuilder.swift in Sources */,
				63B36FBF2766837500005F92 /* SegmentedMenuCell.swift in Sources */,
				63B36FA32766733900005F92 /* CellModelProtocols.swift in Sources */,
				63B36FB32766791000005F92 /* MainViewModel.swift in Sources */,
				63B36FCD2766D6C000005F92 /* UIImage+Extensions.swift in Sources */,
				63B36FCF2766D7AF00005F92 /* UITableViewCell+Extensions.swift in Sources */,
			);
			runOnlyForDeploymentPostprocessing = 0;
		};
/* End PBXSourcesBuildPhase section */

/* Begin PBXVariantGroup section */
		63B36F9827666F0B00005F92 /* LaunchScreen.storyboard */ = {
			isa = PBXVariantGroup;
			children = (
				63B36F9927666F0B00005F92 /* Base */,
			);
			name = LaunchScreen.storyboard;
			sourceTree = "<group>";
		};
/* End PBXVariantGroup section */

/* Begin XCBuildConfiguration section */
		63B36F9C27666F0B00005F92 /* Debug */ = {
			isa = XCBuildConfiguration;
			buildSettings = {
				ALWAYS_SEARCH_USER_PATHS = NO;
				CLANG_ANALYZER_NONNULL = YES;
				CLANG_ANALYZER_NUMBER_OBJECT_CONVERSION = YES_AGGRESSIVE;
				CLANG_CXX_LANGUAGE_STANDARD = "gnu++14";
				CLANG_CXX_LIBRARY = "libc++";
				CLANG_ENABLE_MODULES = YES;
				CLANG_ENABLE_OBJC_ARC = YES;
				CLANG_ENABLE_OBJC_WEAK = YES;
				CLANG_WARN_BLOCK_CAPTURE_AUTORELEASING = YES;
				CLANG_WARN_BOOL_CONVERSION = YES;
				CLANG_WARN_COMMA = YES;
				CLANG_WARN_CONSTANT_CONVERSION = YES;
				CLANG_WARN_DEPRECATED_OBJC_IMPLEMENTATIONS = YES;
				CLANG_WARN_DIRECT_OBJC_ISA_USAGE = YES_ERROR;
				CLANG_WARN_DOCUMENTATION_COMMENTS = YES;
				CLANG_WARN_EMPTY_BODY = YES;
				CLANG_WARN_ENUM_CONVERSION = YES;
				CLANG_WARN_INFINITE_RECURSION = YES;
				CLANG_WARN_INT_CONVERSION = YES;
				CLANG_WARN_NON_LITERAL_NULL_CONVERSION = YES;
				CLANG_WARN_OBJC_IMPLICIT_RETAIN_SELF = YES;
				CLANG_WARN_OBJC_LITERAL_CONVERSION = YES;
				CLANG_WARN_OBJC_ROOT_CLASS = YES_ERROR;
				CLANG_WARN_QUOTED_INCLUDE_IN_FRAMEWORK_HEADER = YES;
				CLANG_WARN_RANGE_LOOP_ANALYSIS = YES;
				CLANG_WARN_STRICT_PROTOTYPES = YES;
				CLANG_WARN_SUSPICIOUS_MOVE = YES;
				CLANG_WARN_UNGUARDED_AVAILABILITY = YES_AGGRESSIVE;
				CLANG_WARN_UNREACHABLE_CODE = YES;
				CLANG_WARN__DUPLICATE_METHOD_MATCH = YES;
				COPY_PHASE_STRIP = NO;
				DEBUG_INFORMATION_FORMAT = dwarf;
				ENABLE_STRICT_OBJC_MSGSEND = YES;
				ENABLE_TESTABILITY = YES;
				GCC_C_LANGUAGE_STANDARD = gnu11;
				GCC_DYNAMIC_NO_PIC = NO;
				GCC_NO_COMMON_BLOCKS = YES;
				GCC_OPTIMIZATION_LEVEL = 0;
				GCC_PREPROCESSOR_DEFINITIONS = (
					"DEBUG=1",
					"$(inherited)",
				);
				GCC_WARN_64_TO_32_BIT_CONVERSION = YES;
				GCC_WARN_ABOUT_RETURN_TYPE = YES_ERROR;
				GCC_WARN_UNDECLARED_SELECTOR = YES;
				GCC_WARN_UNINITIALIZED_AUTOS = YES_AGGRESSIVE;
				GCC_WARN_UNUSED_FUNCTION = YES;
				GCC_WARN_UNUSED_VARIABLE = YES;
				IPHONEOS_DEPLOYMENT_TARGET = 14.5;
				MTL_ENABLE_DEBUG_INFO = INCLUDE_SOURCE;
				MTL_FAST_MATH = YES;
				ONLY_ACTIVE_ARCH = YES;
				SDKROOT = iphoneos;
				SWIFT_ACTIVE_COMPILATION_CONDITIONS = DEBUG;
				SWIFT_OPTIMIZATION_LEVEL = "-Onone";
			};
			name = Debug;
		};
		63B36F9D27666F0B00005F92 /* Release */ = {
			isa = XCBuildConfiguration;
			buildSettings = {
				ALWAYS_SEARCH_USER_PATHS = NO;
				CLANG_ANALYZER_NONNULL = YES;
				CLANG_ANALYZER_NUMBER_OBJECT_CONVERSION = YES_AGGRESSIVE;
				CLANG_CXX_LANGUAGE_STANDARD = "gnu++14";
				CLANG_CXX_LIBRARY = "libc++";
				CLANG_ENABLE_MODULES = YES;
				CLANG_ENABLE_OBJC_ARC = YES;
				CLANG_ENABLE_OBJC_WEAK = YES;
				CLANG_WARN_BLOCK_CAPTURE_AUTORELEASING = YES;
				CLANG_WARN_BOOL_CONVERSION = YES;
				CLANG_WARN_COMMA = YES;
				CLANG_WARN_CONSTANT_CONVERSION = YES;
				CLANG_WARN_DEPRECATED_OBJC_IMPLEMENTATIONS = YES;
				CLANG_WARN_DIRECT_OBJC_ISA_USAGE = YES_ERROR;
				CLANG_WARN_DOCUMENTATION_COMMENTS = YES;
				CLANG_WARN_EMPTY_BODY = YES;
				CLANG_WARN_ENUM_CONVERSION = YES;
				CLANG_WARN_INFINITE_RECURSION = YES;
				CLANG_WARN_INT_CONVERSION = YES;
				CLANG_WARN_NON_LITERAL_NULL_CONVERSION = YES;
				CLANG_WARN_OBJC_IMPLICIT_RETAIN_SELF = YES;
				CLANG_WARN_OBJC_LITERAL_CONVERSION = YES;
				CLANG_WARN_OBJC_ROOT_CLASS = YES_ERROR;
				CLANG_WARN_QUOTED_INCLUDE_IN_FRAMEWORK_HEADER = YES;
				CLANG_WARN_RANGE_LOOP_ANALYSIS = YES;
				CLANG_WARN_STRICT_PROTOTYPES = YES;
				CLANG_WARN_SUSPICIOUS_MOVE = YES;
				CLANG_WARN_UNGUARDED_AVAILABILITY = YES_AGGRESSIVE;
				CLANG_WARN_UNREACHABLE_CODE = YES;
				CLANG_WARN__DUPLICATE_METHOD_MATCH = YES;
				COPY_PHASE_STRIP = NO;
				DEBUG_INFORMATION_FORMAT = "dwarf-with-dsym";
				ENABLE_NS_ASSERTIONS = NO;
				ENABLE_STRICT_OBJC_MSGSEND = YES;
				GCC_C_LANGUAGE_STANDARD = gnu11;
				GCC_NO_COMMON_BLOCKS = YES;
				GCC_WARN_64_TO_32_BIT_CONVERSION = YES;
				GCC_WARN_ABOUT_RETURN_TYPE = YES_ERROR;
				GCC_WARN_UNDECLARED_SELECTOR = YES;
				GCC_WARN_UNINITIALIZED_AUTOS = YES_AGGRESSIVE;
				GCC_WARN_UNUSED_FUNCTION = YES;
				GCC_WARN_UNUSED_VARIABLE = YES;
				IPHONEOS_DEPLOYMENT_TARGET = 14.5;
				MTL_ENABLE_DEBUG_INFO = NO;
				MTL_FAST_MATH = YES;
				SDKROOT = iphoneos;
				SWIFT_COMPILATION_MODE = wholemodule;
				SWIFT_OPTIMIZATION_LEVEL = "-O";
				VALIDATE_PRODUCT = YES;
			};
			name = Release;
		};
		63B36F9F27666F0B00005F92 /* Debug */ = {
			isa = XCBuildConfiguration;
			baseConfigurationReference = 5901699E8C4FB0CAD439DB3E /* Pods-CellModels.debug.xcconfig */;
			buildSettings = {
				ASSETCATALOG_COMPILER_APPICON_NAME = AppIcon;
				ASSETCATALOG_COMPILER_GLOBAL_ACCENT_COLOR_NAME = AccentColor;
				CODE_SIGN_STYLE = Automatic;
				INFOPLIST_FILE = CellModels/Info.plist;
				LD_RUNPATH_SEARCH_PATHS = (
					"$(inherited)",
					"@executable_path/Frameworks",
				);
				PRODUCT_BUNDLE_IDENTIFIER = me.davidjimenez.CellModels;
				PRODUCT_NAME = "$(TARGET_NAME)";
				SWIFT_VERSION = 5.0;
				TARGETED_DEVICE_FAMILY = "1,2";
			};
			name = Debug;
		};
		63B36FA027666F0B00005F92 /* Release */ = {
			isa = XCBuildConfiguration;
			baseConfigurationReference = 07F6A8DE91687E56C89D08BB /* Pods-CellModels.release.xcconfig */;
			buildSettings = {
				ASSETCATALOG_COMPILER_APPICON_NAME = AppIcon;
				ASSETCATALOG_COMPILER_GLOBAL_ACCENT_COLOR_NAME = AccentColor;
				CODE_SIGN_STYLE = Automatic;
				INFOPLIST_FILE = CellModels/Info.plist;
				LD_RUNPATH_SEARCH_PATHS = (
					"$(inherited)",
					"@executable_path/Frameworks",
				);
				PRODUCT_BUNDLE_IDENTIFIER = me.davidjimenez.CellModels;
				PRODUCT_NAME = "$(TARGET_NAME)";
				SWIFT_VERSION = 5.0;
				TARGETED_DEVICE_FAMILY = "1,2";
			};
			name = Release;
		};
/* End XCBuildConfiguration section */

/* Begin XCConfigurationList section */
		63B36F8527666F0800005F92 /* Build configuration list for PBXProject "CellModels" */ = {
			isa = XCConfigurationList;
			buildConfigurations = (
				63B36F9C27666F0B00005F92 /* Debug */,
				63B36F9D27666F0B00005F92 /* Release */,
			);
			defaultConfigurationIsVisible = 0;
			defaultConfigurationName = Release;
		};
		63B36F9E27666F0B00005F92 /* Build configuration list for PBXNativeTarget "CellModels" */ = {
			isa = XCConfigurationList;
			buildConfigurations = (
				63B36F9F27666F0B00005F92 /* Debug */,
				63B36FA027666F0B00005F92 /* Release */,
			);
			defaultConfigurationIsVisible = 0;
			defaultConfigurationName = Release;
		};
/* End XCConfigurationList section */
	};
	rootObject = 63B36F8227666F0800005F92 /* Project object */;
}
